{
  "version": "4",
  "specifiers": {
    "jsr:@negrel/http-ece@0.6.0": "0.6.0",
    "jsr:@negrel/webpush@*": "0.3.0",
    "jsr:@std/assert@0.224": "0.224.0",
    "jsr:@std/bytes@0.224.0": "0.224.0",
    "jsr:@std/encoding@0.224.0": "0.224.0",
    "jsr:@std/media-types@0.224.0": "0.224.0",
    "jsr:@std/path@0.224.0": "0.224.0"
  },
  "jsr": {
    "@negrel/http-ece@0.6.0": {
      "integrity": "7afdd81b86ea5b21a9677b323c01c3338705e11cc2bfed250870f5349d8f86f7",
      "dependencies": [
        "jsr:@std/bytes",
        "jsr:@std/encoding"
      ]
    },
    "@negrel/webpush@0.3.0": {
      "integrity": "5200a56e81668f2debadea228fbeabfe0eda2ee85a56786611dd97950bc51b23",
      "dependencies": [
        "jsr:@negrel/http-ece",
        "jsr:@std/bytes",
        "jsr:@std/encoding",
        "jsr:@std/media-types",
        "jsr:@std/path"
      ]
    },
    "@std/assert@0.224.0": {
      "integrity": "8643233ec7aec38a940a8264a6e3eed9bfa44e7a71cc6b3c8874213ff401967f"
    },
    "@std/bytes@0.224.0": {
      "integrity": "a2250e1d0eb7d1c5a426f21267ab9bdeac2447fa87a3d0d1a467d3f7a6058e49"
    },
    "@std/encoding@0.224.0": {
      "integrity": "efb6dca97d3e9c31392bd5c8cfd9f9fc9decf5a1f4d1f78af7900a493bcf89b5"
    },
    "@std/media-types@0.224.0": {
      "integrity": "5ac87989393f8cb1c81bee02aef6f5d4c8289b416deabc04f9ad25dff292d0b0"
    },
    "@std/path@0.224.0": {
      "integrity": "55bca6361e5a6d158b9380e82d4981d82d338ec587de02951e2b7c3a24910ee6",
      "dependencies": [
        "jsr:@std/assert"
      ]
    }
  },
  "redirects": {
    "https://esm.sh/@jsr/negrel__webpush": "https://esm.sh/jsr/@negrel/webpush@0.3.0",
    "https://esm.sh/@jsr/std__assert@^0.224.0/assert?target=denonext": "https://esm.sh/jsr/@std/assert@0.224.0/assert?target=denonext"
  },
  "remote": {
    "https://esm.sh/@jsr/negrel__http-ece@0.6.0/denonext/negrel__http-ece.mjs": "10ad668ac29eb81e3dd837c078cb3f77e6570269f6bf5d52e22049d056fd4fb1",
    "https://esm.sh/@jsr/negrel__webpush@0.3.0": "7ceef54447fbac0e485d5c24f6052f156f391a278b69bee5ad53bd842bd402ba",
    "https://esm.sh/@jsr/negrel__webpush@0.3.0/denonext/negrel__webpush.mjs": "4228e602996c004afa8f9bd05af50c07aa6f20ad39fd6f75907dfc997f3859b2",
    "https://esm.sh/@jsr/std__assert@0.224.0/denonext/assert.mjs": "2796812cfaf768950d8674c5ae4759a6f3fba4f16f213727df1eb9d631ea954a",
    "https://esm.sh/@jsr/std__assert@0.224.0/denonext/assertion-error.mjs": "dccd3cc4929c7babb125ac54c10d085fa4775e1eb4c7d9a4602f3b2aac9d9516",
    "https://esm.sh/@jsr/std__bytes@0.224.0/denonext/concat.mjs": "1d45c570f66bd2f601d861dd7587c466e1393520957652b5a4d762e90a8fe977",
    "https://esm.sh/@jsr/std__bytes@0.224.0/denonext/copy.mjs": "a8789e086a1ab8213224001953d0a0c6b7869f4754d0f7263d7ea0e10b253e1b",
    "https://esm.sh/@jsr/std__bytes@0.224.0/denonext/ends-with.mjs": "5a3ff521ab3a6b2707a8cd9667839b1db67fc0a6f94ea2027e95403e9535e759",
    "https://esm.sh/@jsr/std__bytes@0.224.0/denonext/equals.mjs": "3aaeff8dd9bfce139f610a6e66630e8708bc35291bb8281452b8a6c2b6b8e6c6",
    "https://esm.sh/@jsr/std__bytes@0.224.0/denonext/includes-needle.mjs": "be52917df128add5108cb2cdb4265d3bec422e5766c144bbd6264c49b5a02b0e",
    "https://esm.sh/@jsr/std__bytes@0.224.0/denonext/index-of-needle.mjs": "3c6284cda920289146c37257a80e5ee02d23091f89f4d9c47ebe2676440190fb",
    "https://esm.sh/@jsr/std__bytes@0.224.0/denonext/last-index-of-needle.mjs": "f21aa66809c3321497d203ce5ba499e60d460e62754e475125edb72c22328294",
    "https://esm.sh/@jsr/std__bytes@0.224.0/denonext/repeat.mjs": "6a5a97275d90289276437e24579f49cd0261c55f22bfdf94e0c1a717ceba6b3b",
    "https://esm.sh/@jsr/std__bytes@0.224.0/denonext/starts-with.mjs": "537d4eba7cf8a191c97544882112758cc8e603c0c1a572d25185fc2051f6204b",
    "https://esm.sh/@jsr/std__bytes@0.224.0/denonext/std__bytes.mjs": "04e67481dca40ca3e8dea063dcf00037e0bcaf0682759042be62275fdf9d541c",
    "https://esm.sh/@jsr/std__encoding@0.224.0/base64url": "9657e17c53acead24a48e5d1b51c584f392d405f0b6716ef78c2587af58f14f1",
    "https://esm.sh/@jsr/std__encoding@0.224.0/denonext/_util.mjs": "5a6a36037ca7e638b29b5e37b016611d25f02cb8b3542fbba1318c22de63ef94",
    "https://esm.sh/@jsr/std__encoding@0.224.0/denonext/base64.mjs": "9ecc5fdc4f2dd935b05f7864f014eb97a591a6a8b307cb79b51094a9f1a9dd8c",
    "https://esm.sh/@jsr/std__encoding@0.224.0/denonext/base64url.mjs": "dcbe3f8764c009e6451c661451c81eb508f15522b9b639904037ff3d5c7fad72",
    "https://esm.sh/@jsr/std__media-types@0.224.0/denonext/_db.mjs": "11d00b7f8d269b9e7ed7578a3af0ef5e8e4b4d1f9f71e44a64671cf16c9d40de",
    "https://esm.sh/@jsr/std__media-types@0.224.0/denonext/_util.mjs": "53389cd78106699f65e1a2a1e4c613a3a754193460cdb246754c3da215df1253",
    "https://esm.sh/@jsr/std__media-types@0.224.0/denonext/content-type.mjs": "094a92e42a106d4cb6c8500b418a00ad275ce9741d3f4e6727d5f50a51b7a773",
    "https://esm.sh/@jsr/std__media-types@0.224.0/denonext/extension.mjs": "b3cdcd3a02ee0cb89c969b019f41bbb125da1027008a6b05504445041661ac8c",
    "https://esm.sh/@jsr/std__media-types@0.224.0/denonext/extensions-by-type.mjs": "7bec36d334bbf3a475477907ac28d3e59afbaf21a4e47caf2b61743b1c952e88",
    "https://esm.sh/@jsr/std__media-types@0.224.0/denonext/format-media-type.mjs": "70ab6a2b185bdc5f950646f77bd201a1720acd2ff118d929a989140e702f4ee7",
    "https://esm.sh/@jsr/std__media-types@0.224.0/denonext/get-charset.mjs": "bbb99ee515a98ae1e7fb470728905b28e15fa188e1b5948fb727223d278b3e73",
    "https://esm.sh/@jsr/std__media-types@0.224.0/denonext/parse-media-type.mjs": "d80f01e2716534e2c41d2968e75e04d0c0a2b4d65136d74f233cf0557b7df5a2",
    "https://esm.sh/@jsr/std__media-types@0.224.0/denonext/std__media-types.mjs": "751afdf65b1823acfd34184e12b7143579f48dfe0a8d2967eb6a1d8239bb530c",
    "https://esm.sh/@jsr/std__media-types@0.224.0/denonext/type-by-extension.mjs": "a773cb42c48c0650616ce5a6a91177331c61e7cb8a68925c2d41d5e3dcd3febf",
    "https://esm.sh/@jsr/std__media-types@0.224.0/denonext/vendor/mime-db.v1.52.0.mjs": "20bacae3abb529ee38a3894f05eeef41a6ae5cf8276546f14fb481c7b3ba5a1e",
    "https://esm.sh/@jsr/std__path@0.224.0/denonext/_common/assert_path.mjs": "ac5cd7cc62deb3a788fad685b30a1eb97e3533f288b15f698a348a7832e07374",
    "https://esm.sh/@jsr/std__path@0.224.0/denonext/_common/basename.mjs": "9932c870212128ae949d9e6ac5df8ebf85b20a43dfd754afcd2ccb10b502eb4a",
    "https://esm.sh/@jsr/std__path@0.224.0/denonext/_common/common.mjs": "02dd27d1de801c73725677de29862d7407c2ad8ecc1bbaff741e09a5ddaaa861",
    "https://esm.sh/@jsr/std__path@0.224.0/denonext/_common/constants.mjs": "417bb1f6b023688831c6a8388b1fef58eb810dcee5d196f6c115943acb64686e",
    "https://esm.sh/@jsr/std__path@0.224.0/denonext/_common/dirname.mjs": "e48a6fafb78f86ef9c73d5325024e547b72da0020dd4c65ffd79c7e0eea8b494",
    "https://esm.sh/@jsr/std__path@0.224.0/denonext/_common/format.mjs": "ab4615415d06a013a359f9b26e6146b28340c7396dc904c3106a578805a4ec3d",
    "https://esm.sh/@jsr/std__path@0.224.0/denonext/_common/from_file_url.mjs": "1a961c6bdda94f735f844b00efe746f543a52fd89b48be5f17d05a19d8b7f012",
    "https://esm.sh/@jsr/std__path@0.224.0/denonext/_common/glob_to_reg_exp.mjs": "87f0b7322d8dd45d8b976f696d4fab5e86b8705903ffffeddc4a07624d530791",
    "https://esm.sh/@jsr/std__path@0.224.0/denonext/_common/normalize.mjs": "b53cc9266ea018bdfde1264f4f95e3b70ef087df449806d9f264a39953c2e958",
    "https://esm.sh/@jsr/std__path@0.224.0/denonext/_common/normalize_string.mjs": "a81a2f915dcbcabb899ca70e23bd70b6f3b9ada686833338091fb5f71ad4965a",
    "https://esm.sh/@jsr/std__path@0.224.0/denonext/_common/relative.mjs": "9751457f1eb75ac7c596ac5a8db1a086a3336258f7e4b3f3743a6b67b4075c54",
    "https://esm.sh/@jsr/std__path@0.224.0/denonext/_common/strip_trailing_separators.mjs": "952e8208a8b99a572ce7ef01922a6ccbb7ff82eb9ddee6c872d189fd4a604173",
    "https://esm.sh/@jsr/std__path@0.224.0/denonext/_common/to_file_url.mjs": "b2e104f76a95efb3f073e72f32d5c165ec13e87d8ca3e3287e4ec4017ccbb8df",
    "https://esm.sh/@jsr/std__path@0.224.0/denonext/_interface.mjs": "6e00e71e3294cdeef8234f20c1bb984a58c2a4845efd9a8fab05cc9617bd3769",
    "https://esm.sh/@jsr/std__path@0.224.0/denonext/_os.mjs": "44a71381efa4c8a619a860067fbc3290e308bcc694c09f5e48e58943c00e017f",
    "https://esm.sh/@jsr/std__path@0.224.0/denonext/basename.mjs": "c2a270a5f46f762cc7431c4703ba5e1ab8fe1511b0a67670f424cea535c7a7a8",
    "https://esm.sh/@jsr/std__path@0.224.0/denonext/common.mjs": "b5d3873b09133d047d3544bbaa8732b9cda91a58f6ea001623847c9612d32ea4",
    "https://esm.sh/@jsr/std__path@0.224.0/denonext/constants.mjs": "8ffb9923d5b540c2f747da300dd21b53dbd160bbcf6f8acdafd5339156b65dcc",
    "https://esm.sh/@jsr/std__path@0.224.0/denonext/dirname.mjs": "8599b6c63f29fab9f3b14d5fcbe07ab4bfdfc139fbb5d12547a148d9b4dd5109",
    "https://esm.sh/@jsr/std__path@0.224.0/denonext/extname.mjs": "5d29ead9d7a146573e771001edb59136bcaa57ad49d0bb4f0883d192e64a5c42",
    "https://esm.sh/@jsr/std__path@0.224.0/denonext/format.mjs": "8469f71482a601ad86121a64b13e724902131b3400106c373a6fd1582919bd10",
    "https://esm.sh/@jsr/std__path@0.224.0/denonext/from-file-url.mjs": "47d8b5e1108e5a26a6597ed30cb28fc9b44675a368a6f9bb25c06626d697f823",
    "https://esm.sh/@jsr/std__path@0.224.0/denonext/glob-to-regexp.mjs": "a5014176113e3bcbee3af7e1b2ef1417a202ed6ba743fb0015c80cf2bb8f06c8",
    "https://esm.sh/@jsr/std__path@0.224.0/denonext/is-absolute.mjs": "740286e157672e32f798f0b4dd8b3bd196e9162ebdcbc15ba2623846978027b4",
    "https://esm.sh/@jsr/std__path@0.224.0/denonext/is-glob.mjs": "bd56467c13e557b92529292d876eadc142718953e5e533755b5f1e62580ec8c3",
    "https://esm.sh/@jsr/std__path@0.224.0/denonext/join-globs.mjs": "5133705f47c770d2652d13522a7414237bb6dfd0ae598df678b7089131d0529d",
    "https://esm.sh/@jsr/std__path@0.224.0/denonext/join.mjs": "dee39118ba01228deb8c978b747f79040570e67d41403b35ed3809a8d4113deb",
    "https://esm.sh/@jsr/std__path@0.224.0/denonext/normalize-glob.mjs": "c30871fd48924409c591280b1a46d7abb006f7ab7390aeffec4ff2ab6c39670d",
    "https://esm.sh/@jsr/std__path@0.224.0/denonext/normalize.mjs": "fda2e217c69291d9f0e7d778d97469c6c583d50a76b6ed1d914e208e29475ef8",
    "https://esm.sh/@jsr/std__path@0.224.0/denonext/parse.mjs": "985523d1b2b6362e147a84f7a487ba962941177ba558833cd14b0c70ea00b6f2",
    "https://esm.sh/@jsr/std__path@0.224.0/denonext/posix.mjs": "eba0a3f8cf5cc4335b01fe2fdafa510a47127ce46440670139678b9f6a33d92c",
    "https://esm.sh/@jsr/std__path@0.224.0/denonext/posix/_util.mjs": "83381ca161f18c3a104083b91c738c3462ca1c28f555e79b6fcccc29c72508db",
    "https://esm.sh/@jsr/std__path@0.224.0/denonext/posix/basename.mjs": "0f6c05b3b451b6393410680bf8953bb894377c1706c079e45704d6b3f9b277d0",
    "https://esm.sh/@jsr/std__path@0.224.0/denonext/posix/common.mjs": "49ba80727041b3f51970092b634942c0dfb8deb6a34f559602b852be7bcb0e3c",
    "https://esm.sh/@jsr/std__path@0.224.0/denonext/posix/constants.mjs": "0deffe2abe5524aa8554cec88878984beb6adc1bba2b64bc11e018e3e005adab",
    "https://esm.sh/@jsr/std__path@0.224.0/denonext/posix/dirname.mjs": "b564b4c1c05daf2c9e07656b3c3472b1f0ab7812b42ca43449c6c52c25f58444",
    "https://esm.sh/@jsr/std__path@0.224.0/denonext/posix/extname.mjs": "b0bc563e57607781c298ede2efd0d10228cd75a7bbff6398e73b30d84f6ccb65",
    "https://esm.sh/@jsr/std__path@0.224.0/denonext/posix/format.mjs": "1321743e1fa01f38ef2e086e966a2ea97c05ccda4d7f29f02cc436259862d12e",
    "https://esm.sh/@jsr/std__path@0.224.0/denonext/posix/from-file-url.mjs": "2e86ae63d40c626402b6f5a5b093374f2238c09e0bb7f9c344c839ab6bdc943f",
    "https://esm.sh/@jsr/std__path@0.224.0/denonext/posix/glob-to-regexp.mjs": "4ae34d0a32cb885d78ae63601f03d594493a00a18b4a7fe51b92d242d5e62cf6",
    "https://esm.sh/@jsr/std__path@0.224.0/denonext/posix/is-absolute.mjs": "fc87b0ec3a78fa3840cb3cf911842c2bea2e2550d6638e6e9c053e289a7ad5b6",
    "https://esm.sh/@jsr/std__path@0.224.0/denonext/posix/is-glob.mjs": "a2fbe5b6750902b46b873f5fc2e9e1ec0f1a66317a5007f8d4d65ee6bb000469",
    "https://esm.sh/@jsr/std__path@0.224.0/denonext/posix/join-globs.mjs": "a1350dbd099a0f587c3610006e10ca3626016a634857c087eb4f93a66d65b5b3",
    "https://esm.sh/@jsr/std__path@0.224.0/denonext/posix/join.mjs": "9164fce01ff69bc2664f2b2def3911a03f9742cd26326e3acc07a0973f8ac59a",
    "https://esm.sh/@jsr/std__path@0.224.0/denonext/posix/normalize-glob.mjs": "85782fd7bcbfc233f887e0c74a30e53085d975671e8ebee44076d2ebc86ba64f",
    "https://esm.sh/@jsr/std__path@0.224.0/denonext/posix/normalize.mjs": "86d723ea079a8c779469a4339d223c422bddb06097876c303d7c782e3e24d6c0",
    "https://esm.sh/@jsr/std__path@0.224.0/denonext/posix/parse.mjs": "5c5d3a569dc463d12dabe0483b53fee3621383d459b29495c6660946264a4abd",
    "https://esm.sh/@jsr/std__path@0.224.0/denonext/posix/relative.mjs": "8f3bbe2acb38980f8931511c82c1c26df34cd0e91497ec75f758b82f6b538855",
    "https://esm.sh/@jsr/std__path@0.224.0/denonext/posix/resolve.mjs": "a74df112975915bc3ef80d2d6fb38cdf301ed4233a32e4af1ee43fc8155b69b0",
    "https://esm.sh/@jsr/std__path@0.224.0/denonext/posix/to-file-url.mjs": "42e1cb725b6cb1da0ab3c8acf239985874dff99746bffeeb96628eec74b4f6c9",
    "https://esm.sh/@jsr/std__path@0.224.0/denonext/posix/to-namespaced-path.mjs": "cbf1a7b8455149bfa01d60eb4b9c6e1f778b46ee93a500d3c50dc4aebf1ef3f5",
    "https://esm.sh/@jsr/std__path@0.224.0/denonext/relative.mjs": "22f1677f0bd9598fe2c109a722b9f9113bfe04b0bd9b933297a85f33cd444c20",
    "https://esm.sh/@jsr/std__path@0.224.0/denonext/resolve.mjs": "795e1608f824ab18eb81e2b114684527ce3798ab17431f8e696857a69a04b3b1",
    "https://esm.sh/@jsr/std__path@0.224.0/denonext/std__path.mjs": "d6bb3605a757ba5bb15f8a96dc11c0822adfe99136bf5c882e860b05dac2f241",
    "https://esm.sh/@jsr/std__path@0.224.0/denonext/to-file-url.mjs": "09daff9be62a921e9e34486be99927107f44dedc6528270efefbc14c7d7dacf1",
    "https://esm.sh/@jsr/std__path@0.224.0/denonext/to-namespaced-path.mjs": "05ded9ec82919fcca506ca7e413f16e48bef440b2e7283d18e1599ba66a494e6",
    "https://esm.sh/@jsr/std__path@0.224.0/denonext/windows.mjs": "e89e38bb5d30fe4604304e1a27d0fbec38422253f9eb0ab7165e8966cfef6900",
    "https://esm.sh/@jsr/std__path@0.224.0/denonext/windows/_util.mjs": "6f3952249f6f2e31c89af5467c62d7746348121c1019cce514c7034543f43018",
    "https://esm.sh/@jsr/std__path@0.224.0/denonext/windows/basename.mjs": "bbb63054c466f4ee048a7e66dd4de790921b842d383df90c4f66d336a7ac4add",
    "https://esm.sh/@jsr/std__path@0.224.0/denonext/windows/common.mjs": "6a8479ca295f9d114c54757e6aa514c085a5b0604a4f039bcc42e01d8a04a8f3",
    "https://esm.sh/@jsr/std__path@0.224.0/denonext/windows/constants.mjs": "bee38280db2ab1e9002a338e7b38ac22aa04b6d6a2abdcd780f2e3a7e3c21cb2",
    "https://esm.sh/@jsr/std__path@0.224.0/denonext/windows/dirname.mjs": "2b1c1bb77842c6e0cca6daf8f1b83769912c4c0ac851c614a82652e271a8cd50",
    "https://esm.sh/@jsr/std__path@0.224.0/denonext/windows/extname.mjs": "27fe7028a62b2dc179844483bd08161ad6feb8bdfc4ac487deb950c60263e009",
    "https://esm.sh/@jsr/std__path@0.224.0/denonext/windows/format.mjs": "744f7dc5c7a3eabd3a1a5b00d1908d145fe820b7b2a18292a479223a62c3f184",
    "https://esm.sh/@jsr/std__path@0.224.0/denonext/windows/from-file-url.mjs": "bb7b2275fc00f8db3038f6c6636bc1244bf496a7a761210d2448ae76ba9bab8b",
    "https://esm.sh/@jsr/std__path@0.224.0/denonext/windows/glob-to-regexp.mjs": "54a06706569462d2da398a1f0d66d840003758de522afadd92e6ce17ec35e8ab",
    "https://esm.sh/@jsr/std__path@0.224.0/denonext/windows/is-absolute.mjs": "c78389ea666af3804c050ebb683c1b82bc1b9394f749f04cf3fd31362bf15b55",
    "https://esm.sh/@jsr/std__path@0.224.0/denonext/windows/is-glob.mjs": "e6dd0d8565e74f87a8866646ddb4f138f61127e6a947f47283d0ad2a10db7e37",
    "https://esm.sh/@jsr/std__path@0.224.0/denonext/windows/join-globs.mjs": "16bda963a3887e1f05ff08785f0d5cbee9ffc2beed0d7569bf2cb87da8f96b11",
    "https://esm.sh/@jsr/std__path@0.224.0/denonext/windows/join.mjs": "331c421a8c36eddf04c1e365d7328319da56ecc9926848a7df1140f5f73962a7",
    "https://esm.sh/@jsr/std__path@0.224.0/denonext/windows/normalize-glob.mjs": "eb282b94d6a6307c8d9cf95c6af1968936c45619053f07d3d81553ab6f2cb924",
    "https://esm.sh/@jsr/std__path@0.224.0/denonext/windows/normalize.mjs": "5a079916f92d605ebbb10e4266859e03c02fc0903c9f2b018542cd69ea776709",
    "https://esm.sh/@jsr/std__path@0.224.0/denonext/windows/parse.mjs": "2798ce4a0532e360dea998952e3c0df0f2f589eb9fe1b4e9a8b4c71021211db7",
    "https://esm.sh/@jsr/std__path@0.224.0/denonext/windows/relative.mjs": "1548aa0a47e183153af23d04ed556e51d07ebb48099f67863d1a6408bd64a113",
    "https://esm.sh/@jsr/std__path@0.224.0/denonext/windows/resolve.mjs": "36e321a2a3d1912c8b9b24a22a9239fbab1e3e798e99f2498b692c517702ce5c",
    "https://esm.sh/@jsr/std__path@0.224.0/denonext/windows/to-file-url.mjs": "a315a05fb2b4655f15009a032bbd0fffe6a7a94b4d690fd677c4501db13478d4",
    "https://esm.sh/@jsr/std__path@0.224.0/denonext/windows/to-namespaced-path.mjs": "9963fdd2cc4f54dc4a116fcefcb5b28cbc9dde527aea9319fec6d70a8a2dacd2",
    "https://esm.sh/jsr/@negrel/webpush@0.3.0": "7ceef54447fbac0e485d5c24f6052f156f391a278b69bee5ad53bd842bd402ba",
    "https://esm.sh/jsr/@std/assert@0.224.0/assert?target=denonext": "01d459a50fb5e8f0781bfb5bfa99bb087fed99482c98469f39b670fef22263ec"
  },
  "workspace": {
    "packageJson": {
      "dependencies": [
        "npm:@automerge/automerge-codemirror@^0.0.12",
        "npm:@automerge/automerge-repo-network-websocket@2.0.0-alpha.14",
        "npm:@automerge/automerge-repo-storage-indexeddb@2.0.0-alpha.14",
        "npm:@automerge/automerge-repo@2.0.0-alpha.14",
        "npm:@codemirror/commands@^6.7.1",
        "npm:@codemirror/lang-markdown@^6.3.1",
        "npm:@codemirror/state@^6.5.0",
        "npm:@codemirror/view@^6.36.1",
        "npm:@kobalte/core@~0.13.7",
        "npm:@netlify/edge-functions@^2.12.0",
        "npm:@solid-primitives/input-mask@~0.2.2",
        "npm:@solid-primitives/keyboard@^1.2.8",
        "npm:@solid-primitives/selection@^0.0.8",
        "npm:@solid-primitives/timer@^1.3.10",
        "npm:@thisbeyond/solid-dnd@~0.7.5",
        "npm:automerge-repo-solid-primitives@^1.1.3",
        "npm:clsx@^2.1.1",
        "npm:codemirror@^6.0.1",
        "npm:hotkeys-js@^3.13.9",
        "npm:ioredis@^5.6.0",
        "npm:prettier@^3.4.2",
        "npm:redis@^4.7.0",
        "npm:solid-devtools@~0.31.5",
        "npm:solid-js@^1.9.3",
        "npm:typescript-language-server@^4.3.3",
        "npm:typescript@~5.6.2",
        "npm:unstorage@^1.15.0",
        "npm:vite-plugin-solid@^2.11.0",
        "npm:vite-plugin-wasm@^3.4.1",
        "npm:vite@^6.0.3",
        "npm:web-push@^3.6.7"
      ]
    }
  }
}
